{
  "name": "swb-tools-layers-lodash",
  "version": "1.0.0",
  "lockfileVersion": 2,
  "requires": true,
  "packages": {
    "": {
      "name": "swb-tools-layers-lodash",
      "version": "1.0.0",
      "dependencies": {
        "lodash.get": "^4.4.2",
        "lodash.mapvalues": "^4.6.0"
      }
    },
    "node_modules/lodash.get": {
      "version": "4.4.2",
      "resolved": "https://registry.npmjs.org/lodash.get/-/lodash.get-4.4.2.tgz",
      "integrity": "sha512-z+Uw/vLuy6gQe8cfaFWD7p0wVv8fJl3mbzXh33RS+0oW2wvUqiRXiQ69gLWSLpgB5/6sU+r6BlQR0MBILadqTQ=="
    },
    "node_modules/lodash.mapvalues": {
      "version": "4.6.0",
      "resolved": "https://registry.npmjs.org/lodash.mapvalues/-/lodash.mapvalues-4.6.0.tgz",
      "integrity": "sha512-JPFqXFeZQ7BfS00H58kClY7SPVeHertPE0lNuCyZ26/XlN8TvakYD7b9bGyNmXbT/D3BbtPAAmq90gPWqLkxlQ=="
    }
  },
  "dependencies": {
    "lodash.get": {
      "version": "4.4.2",
      "resolved": "https://registry.npmjs.org/lodash.get/-/lodash.get-4.4.2.tgz",
      "integrity": "sha512-z+Uw/vLuy6gQe8cfaFWD7p0wVv8fJl3mbzXh33RS+0oW2wvUqiRXiQ69gLWSLpgB5/6sU+r6BlQR0MBILadqTQ=="
    },
    "lodash.mapvalues": {
      "version": "4.6.0",
      "resolved": "https://registry.npmjs.org/lodash.mapvalues/-/lodash.mapvalues-4.6.0.tgz",
      "integrity": "sha512-JPFqXFeZQ7BfS00H58kClY7SPVeHertPE0lNuCyZ26/XlN8TvakYD7b9bGyNmXbT/D3BbtPAAmq90gPWqLkxlQ=="
    }
  }
}
